{
  "name": "Spring-mc-web",
  "version": "1.0.0",
  "lockfileVersion": 2,
  "requires": true,
  "packages": {
    "": {
      "version": "1.0.0",
      "license": "ISC",
      "dependencies": {
        "ping.js": "^0.3.0"
      }
    },
    "node_modules/ping.js": {
      "version": "0.3.0",
      "resolved": "https://registry.npmjs.org/ping.js/-/ping.js-0.3.0.tgz",
      "integrity": "sha512-qisFwio7j0cwYbOcRL4BlTdxKALcpGPTkpl8ichGASgkrVqfI3sZfQDsP8wETR5rfutXZJLjlJ117aLkRnk2mA=="
    }
  },
  "dependencies": {
    "ping.js": {
      "version": "0.3.0",
      "resolved": "https://registry.npmjs.org/ping.js/-/ping.js-0.3.0.tgz",
      "integrity": "sha512-qisFwio7j0cwYbOcRL4BlTdxKALcpGPTkpl8ichGASgkrVqfI3sZfQDsP8wETR5rfutXZJLjlJ117aLkRnk2mA=="
    }
  }
}
